
Microsoft Visual Studio Solution File, Format Version 11.00
# Visual Studio 2010
Project("{FAE04EC0-301F-11D3-BF4B-00C04F79EFBC}") = "Assembly-CSharp", "Assembly-CSharp.csproj", "{64A70D62-76C2-8115-D847-D0AF375022B5}"
EndProject
Project("{FAE04EC0-301F-11D3-BF4B-00C04F79EFBC}") = "Assembly-CSharp-firstpass", "Assembly-CSharp-firstpass.csproj", "{75AE2EBC-3CD8-C1F5-2A89-3C707AFE852A}"
EndProject
Project("{FAE04EC0-301F-11D3-BF4B-00C04F79EFBC}") = "Assembly-CSharp-Editor-firstpass", "Assembly-CSharp-Editor-firstpass.csproj", "{5554E08B-5E0C-7863-F2A9-387D939231FF}"
EndProject
Project("{FAE04EC0-301F-11D3-BF4B-00C04F79EFBC}") = "Assembly-CSharp-Editor", "Assembly-CSharp-Editor.csproj", "{9A1C9843-1449-7AA2-B560-F0A640F96058}"
EndProject
Global
	GlobalSection(SolutionConfigurationPlatforms) = preSolution
		Debug|Any CPU = Debug|Any CPU
		Release|Any CPU = Release|Any CPU
	EndGlobalSection
	GlobalSection(ProjectConfigurationPlatforms) = postSolution
		{64A70D62-76C2-8115-D847-D0AF375022B5}.Debug|Any CPU.ActiveCfg = Debug|Any CPU
		{64A70D62-76C2-8115-D847-D0AF375022B5}.Debug|Any CPU.Build.0 = Debug|Any CPU
		{64A70D62-76C2-8115-D847-D0AF375022B5}.Release|Any CPU.ActiveCfg = Release|Any CPU
		{64A70D62-76C2-8115-D847-D0AF375022B5}.Release|Any CPU.Build.0 = Release|Any CPU
		{75AE2EBC-3CD8-C1F5-2A89-3C707AFE852A}.Debug|Any CPU.ActiveCfg = Debug|Any CPU
		{75AE2EBC-3CD8-C1F5-2A89-3C707AFE852A}.Debug|Any CPU.Build.0 = Debug|Any CPU
		{75AE2EBC-3CD8-C1F5-2A89-3C707AFE852A}.Release|Any CPU.ActiveCfg = Release|Any CPU
		{75AE2EBC-3CD8-C1F5-2A89-3C707AFE852A}.Release|Any CPU.Build.0 = Release|Any CPU
		{5554E08B-5E0C-7863-F2A9-387D939231FF}.Debug|Any CPU.ActiveCfg = Debug|Any CPU
		{5554E08B-5E0C-7863-F2A9-387D939231FF}.Debug|Any CPU.Build.0 = Debug|Any CPU
		{5554E08B-5E0C-7863-F2A9-387D939231FF}.Release|Any CPU.ActiveCfg = Release|Any CPU
		{5554E08B-5E0C-7863-F2A9-387D939231FF}.Release|Any CPU.Build.0 = Release|Any CPU
		{9A1C9843-1449-7AA2-B560-F0A640F96058}.Debug|Any CPU.ActiveCfg = Debug|Any CPU
		{9A1C9843-1449-7AA2-B560-F0A640F96058}.Debug|Any CPU.Build.0 = Debug|Any CPU
		{9A1C9843-1449-7AA2-B560-F0A640F96058}.Release|Any CPU.ActiveCfg = Release|Any CPU
		{9A1C9843-1449-7AA2-B560-F0A640F96058}.Release|Any CPU.Build.0 = Release|Any CPU
	EndGlobalSection
	GlobalSection(SolutionProperties) = preSolution
		HideSolutionNode = FALSE
	EndGlobalSection
EndGlobal
